
Microsoft Visual Studio Solution File, Format Version 12.00
# Visual Studio Version 17
VisualStudioVersion = 17.7.34202.233
MinimumVisualStudioVersion = 10.0.40219.1
Project("{9A19103F-16F7-4668-BE54-9A1E7A4F7556}") = "BlazorEcommerce.Server", "BlazorEcommerce\Server\BlazorEcommerce.Server.csproj", "{F0288575-7400-418F-ABC7-45361EC664A5}"
EndProject
Project("{9A19103F-16F7-4668-BE54-9A1E7A4F7556}") = "BlazorEcommerce.Client", "BlazorEcommerce\Client\BlazorEcommerce.Client.csproj", "{4EF0520A-3596-4344-BD14-4415823E2C0D}"
EndProject
Project("{9A19103F-16F7-4668-BE54-9A1E7A4F7556}") = "BlazorEcommerce.Shared", "BlazorEcommerce\Shared\BlazorEcommerce.Shared.csproj", "{DA7C2387-15E0-47EA-AE6D-565AFDE1EFB3}"
EndProject
Global
	GlobalSection(SolutionConfigurationPlatforms) = preSolution
		Debug|Any CPU = Debug|Any CPU
		Release|Any CPU = Release|Any CPU
	EndGlobalSection
	GlobalSection(ProjectConfigurationPlatforms) = postSolution
		{F0288575-7400-418F-ABC7-45361EC664A5}.Debug|Any CPU.ActiveCfg = Debug|Any CPU
		{F0288575-7400-418F-ABC7-45361EC664A5}.Debug|Any CPU.Build.0 = Debug|Any CPU
		{F0288575-7400-418F-ABC7-45361EC664A5}.Release|Any CPU.ActiveCfg = Release|Any CPU
		{F0288575-7400-418F-ABC7-45361EC664A5}.Release|Any CPU.Build.0 = Release|Any CPU
		{4EF0520A-3596-4344-BD14-4415823E2C0D}.Debug|Any CPU.ActiveCfg = Debug|Any CPU
		{4EF0520A-3596-4344-BD14-4415823E2C0D}.Debug|Any CPU.Build.0 = Debug|Any CPU
		{4EF0520A-3596-4344-BD14-4415823E2C0D}.Release|Any CPU.ActiveCfg = Release|Any CPU
		{4EF0520A-3596-4344-BD14-4415823E2C0D}.Release|Any CPU.Build.0 = Release|Any CPU
		{DA7C2387-15E0-47EA-AE6D-565AFDE1EFB3}.Debug|Any CPU.ActiveCfg = Debug|Any CPU
		{DA7C2387-15E0-47EA-AE6D-565AFDE1EFB3}.Debug|Any CPU.Build.0 = Debug|Any CPU
		{DA7C2387-15E0-47EA-AE6D-565AFDE1EFB3}.Release|Any CPU.ActiveCfg = Release|Any CPU
		{DA7C2387-15E0-47EA-AE6D-565AFDE1EFB3}.Release|Any CPU.Build.0 = Release|Any CPU
	EndGlobalSection
	GlobalSection(SolutionProperties) = preSolution
		HideSolutionNode = FALSE
	EndGlobalSection
	GlobalSection(ExtensibilityGlobals) = postSolution
		SolutionGuid = {093A2176-6C31-4E67-9E74-C7B6E04BD401}
	EndGlobalSection
EndGlobal
